{
    "_readme": [
        "This file locks the dependencies of your project to a known state",
        "Read more about it at https://getcomposer.org/doc/01-basic-usage.md#installing-dependencies",
        "This file is @generated automatically"
    ],
    "content-hash": "76768426dcdffe48844e31e668ce1450",
    "packages": [
        {
            "name": "composer/semver",
            "version": "2.0.0",
            "source": {
                "type": "git",
                "url": "https://github.com/composer/semver.git",
                "reference": "0ec124f57c7e23925c006cbad0de853e3aec3ba2"
            },
            "dist": {
                "type": "zip",
                "url": "https://api.github.com/repos/composer/semver/zipball/0ec124f57c7e23925c006cbad0de853e3aec3ba2",
                "reference": "0ec124f57c7e23925c006cbad0de853e3aec3ba2",
                "shasum": ""
            },
            "require": {
                "php": "^5.3.2 || ^7.0"
            },
            "require-dev": {
                "phpstan/phpstan": "^0.12.19",
                "phpunit/phpunit": "^4.5 || ^5.0.5 || ^7"
            },
            "type": "library",
            "extra": {
                "branch-alias": {
                    "dev-master": "2.x-dev"
                }
            },
            "autoload": {
                "psr-4": {
                    "Composer\\Semver\\": "src"
                }
            },
            "notification-url": "https://packagist.org/downloads/",
            "license": [
                "MIT"
            ],
            "authors": [
                {
                    "name": "Nils Adermann",
                    "email": "naderman@naderman.de",
                    "homepage": "http://www.naderman.de"
                },
                {
                    "name": "Jordi Boggiano",
                    "email": "j.boggiano@seld.be",
                    "homepage": "http://seld.be"
                },
                {
                    "name": "Rob Bast",
                    "email": "rob.bast@gmail.com",
                    "homepage": "http://robbast.nl"
                }
            ],
            "description": "Semver library that offers utilities, version constraint parsing and validation.",
            "keywords": [
                "semantic",
                "semver",
                "validation",
                "versioning"
            ],
            "funding": [
                {
                    "url": "https://packagist.com",
                    "type": "custom"
                },
                {
                    "url": "https://tidelift.com/funding/github/packagist/composer/composer",
                    "type": "tidelift"
                }
            ],
            "time": "2020-04-21T13:19:12+00:00"
        },
        {
            "name": "mustache/mustache",
            "version": "v2.13.0",
            "source": {
                "type": "git",
                "url": "https://github.com/bobthecow/mustache.php.git",
                "reference": "e95c5a008c23d3151d59ea72484d4f72049ab7f4"
            },
            "dist": {
                "type": "zip",
                "url": "https://api.github.com/repos/bobthecow/mustache.php/zipball/e95c5a008c23d3151d59ea72484d4f72049ab7f4",
                "reference": "e95c5a008c23d3151d59ea72484d4f72049ab7f4",
                "shasum": ""
            },
            "require": {
                "php": ">=5.2.4"
            },
            "require-dev": {
                "friendsofphp/php-cs-fixer": "~1.11",
                "phpunit/phpunit": "~3.7|~4.0|~5.0"
            },
            "type": "library",
            "autoload": {
                "psr-0": {
                    "Mustache": "src/"
                }
            },
            "notification-url": "https://packagist.org/downloads/",
            "license": [
                "MIT"
            ],
            "authors": [
                {
                    "name": "Justin Hileman",
                    "email": "justin@justinhileman.info",
                    "homepage": "http://justinhileman.com"
                }
            ],
            "description": "A Mustache implementation in PHP.",
            "homepage": "https://github.com/bobthecow/mustache.php",
            "keywords": [
                "mustache",
                "templating"
            ],
            "time": "2019-11-23T21:40:31+00:00"
        },
        {
            "name": "psr/container",
            "version": "1.0.0",
            "source": {
                "type": "git",
                "url": "https://github.com/php-fig/container.git",
                "reference": "b7ce3b176482dbbc1245ebf52b181af44c2cf55f"
            },
            "dist": {
                "type": "zip",
                "url": "https://api.github.com/repos/php-fig/container/zipball/b7ce3b176482dbbc1245ebf52b181af44c2cf55f",
                "reference": "b7ce3b176482dbbc1245ebf52b181af44c2cf55f",
                "shasum": ""
            },
            "require": {
                "php": ">=5.3.0"
            },
            "type": "library",
            "extra": {
                "branch-alias": {
                    "dev-master": "1.0.x-dev"
                }
            },
            "autoload": {
                "psr-4": {
                    "Psr\\Container\\": "src/"
                }
            },
            "notification-url": "https://packagist.org/downloads/",
            "license": [
                "MIT"
            ],
            "authors": [
                {
                    "name": "PHP-FIG",
                    "homepage": "http://www.php-fig.org/"
                }
            ],
            "description": "Common Container Interface (PHP FIG PSR-11)",
            "homepage": "https://github.com/php-fig/container",
            "keywords": [
                "PSR-11",
                "container",
                "container-interface",
                "container-interop",
                "psr"
            ],
            "time": "2017-02-14T16:28:37+00:00"
        },
        {
            "name": "rmccue/requests",
            "version": "v1.7.0",
            "source": {
                "type": "git",
                "url": "https://github.com/rmccue/Requests.git",
                "reference": "87932f52ffad70504d93f04f15690cf16a089546"
            },
            "dist": {
                "type": "zip",
                "url": "https://api.github.com/repos/rmccue/Requests/zipball/87932f52ffad70504d93f04f15690cf16a089546",
                "reference": "87932f52ffad70504d93f04f15690cf16a089546",
                "shasum": ""
            },
            "require": {
                "php": ">=5.2"
            },
            "require-dev": {
                "requests/test-server": "dev-master"
            },
            "type": "library",
            "autoload": {
                "psr-0": {
                    "Requests": "library/"
                }
            },
            "notification-url": "https://packagist.org/downloads/",
            "license": [
                "ISC"
            ],
            "authors": [
                {
                    "name": "Ryan McCue",
                    "homepage": "http://ryanmccue.info"
                }
            ],
            "description": "A HTTP library written in PHP, for human beings.",
            "homepage": "http://github.com/rmccue/Requests",
            "keywords": [
                "curl",
                "fsockopen",
                "http",
                "idna",
                "ipv6",
                "iri",
                "sockets"
            ],
            "time": "2016-10-13T00:11:37+00:00"
        },
        {
            "name": "symfony/console",
            "version": "v4.4.18",
            "source": {
                "type": "git",
                "url": "https://github.com/symfony/console.git",
                "reference": "12e071278e396cc3e1c149857337e9e192deca0b"
            },
            "dist": {
                "type": "zip",
                "url": "https://api.github.com/repos/symfony/console/zipball/12e071278e396cc3e1c149857337e9e192deca0b",
                "reference": "12e071278e396cc3e1c149857337e9e192deca0b",
                "shasum": ""
            },
            "require": {
                "php": ">=7.1.3",
                "symfony/polyfill-mbstring": "~1.0",
                "symfony/polyfill-php73": "^1.8",
                "symfony/polyfill-php80": "^1.15",
                "symfony/service-contracts": "^1.1|^2"
            },
            "conflict": {
                "symfony/dependency-injection": "<3.4",
                "symfony/event-dispatcher": "<4.3|>=5",
                "symfony/lock": "<4.4",
                "symfony/process": "<3.3"
            },
            "provide": {
                "psr/log-implementation": "1.0"
            },
            "require-dev": {
                "psr/log": "~1.0",
                "symfony/config": "^3.4|^4.0|^5.0",
                "symfony/dependency-injection": "^3.4|^4.0|^5.0",
                "symfony/event-dispatcher": "^4.3",
                "symfony/lock": "^4.4|^5.0",
                "symfony/process": "^3.4|^4.0|^5.0",
                "symfony/var-dumper": "^4.3|^5.0"
            },
            "suggest": {
                "psr/log": "For using the console logger",
                "symfony/event-dispatcher": "",
                "symfony/lock": "",
                "symfony/process": ""
            },
            "type": "library",
            "autoload": {
                "psr-4": {
                    "Symfony\\Component\\Console\\": ""
                },
                "exclude-from-classmap": [
                    "/Tests/"
                ]
            },
            "notification-url": "https://packagist.org/downloads/",
            "license": [
                "MIT"
            ],
            "authors": [
                {
                    "name": "Fabien Potencier",
                    "email": "fabien@symfony.com"
                },
                {
                    "name": "Symfony Community",
                    "homepage": "https://symfony.com/contributors"
                }
            ],
            "description": "Symfony Console Component",
            "homepage": "https://symfony.com",
            "funding": [
                {
                    "url": "https://symfony.com/sponsor",
                    "type": "custom"
                },
                {
                    "url": "https://github.com/fabpot",
                    "type": "github"
                },
                {
                    "url": "https://tidelift.com/funding/github/packagist/symfony/symfony",
                    "type": "tidelift"
                }
            ],
            "time": "2020-12-18T07:41:31+00:00"
        },
        {
            "name": "symfony/finder",
            "version": "v5.2.1",
            "source": {
                "type": "git",
                "url": "https://github.com/symfony/finder.git",
                "reference": "0b9231a5922fd7287ba5b411893c0ecd2733e5ba"
            },
            "dist": {
                "type": "zip",
                "url": "https://api.github.com/repos/symfony/finder/zipball/0b9231a5922fd7287ba5b411893c0ecd2733e5ba",
                "reference": "0b9231a5922fd7287ba5b411893c0ecd2733e5ba",
                "shasum": ""
            },
            "require": {
                "php": ">=7.2.5"
            },
            "type": "library",
            "autoload": {
                "psr-4": {
                    "Symfony\\Component\\Finder\\": ""
                },
                "exclude-from-classmap": [
                    "/Tests/"
                ]
            },
            "notification-url": "https://packagist.org/downloads/",
            "license": [
                "MIT"
            ],
            "authors": [
                {
                    "name": "Fabien Potencier",
                    "email": "fabien@symfony.com"
                },
                {
                    "name": "Symfony Community",
                    "homepage": "https://symfony.com/contributors"
                }
            ],
            "description": "Symfony Finder Component",
            "homepage": "https://symfony.com",
            "funding": [
                {
                    "url": "https://symfony.com/sponsor",
                    "type": "custom"
                },
                {
                    "url": "https://github.com/fabpot",
                    "type": "github"
                },
                {
                    "url": "https://tidelift.com/funding/github/packagist/symfony/symfony",
                    "type": "tidelift"
                }
            ],
            "time": "2020-12-08T17:02:38+00:00"
        },
        {
            "name": "symfony/polyfill-mbstring",
            "version": "v1.20.0",
            "source": {
                "type": "git",
                "url": "https://github.com/symfony/polyfill-mbstring.git",
                "reference": "39d483bdf39be819deabf04ec872eb0b2410b531"
            },
            "dist": {
                "type": "zip",
                "url": "https://api.github.com/repos/symfony/polyfill-mbstring/zipball/39d483bdf39be819deabf04ec872eb0b2410b531",
                "reference": "39d483bdf39be819deabf04ec872eb0b2410b531",
                "shasum": ""
            },
            "require": {
                "php": ">=7.1"
            },
            "suggest": {
                "ext-mbstring": "For best performance"
            },
            "type": "library",
            "extra": {
                "branch-alias": {
                    "dev-main": "1.20-dev"
                },
                "thanks": {
                    "name": "symfony/polyfill",
                    "url": "https://github.com/symfony/polyfill"
                }
            },
            "autoload": {
                "psr-4": {
                    "Symfony\\Polyfill\\Mbstring\\": ""
                },
                "files": [
                    "bootstrap.php"
                ]
            },
            "notification-url": "https://packagist.org/downloads/",
            "license": [
                "MIT"
            ],
            "authors": [
                {
                    "name": "Nicolas Grekas",
                    "email": "p@tchwork.com"
                },
                {
                    "name": "Symfony Community",
                    "homepage": "https://symfony.com/contributors"
                }
            ],
            "description": "Symfony polyfill for the Mbstring extension",
            "homepage": "https://symfony.com",
            "keywords": [
                "compatibility",
                "mbstring",
                "polyfill",
                "portable",
                "shim"
            ],
            "funding": [
                {
                    "url": "https://symfony.com/sponsor",
                    "type": "custom"
                },
                {
                    "url": "https://github.com/fabpot",
                    "type": "github"
                },
                {
                    "url": "https://tidelift.com/funding/github/packagist/symfony/symfony",
                    "type": "tidelift"
                }
            ],
            "time": "2020-10-23T14:02:19+00:00"
        },
        {
            "name": "symfony/polyfill-php73",
            "version": "v1.20.0",
            "source": {
                "type": "git",
                "url": "https://github.com/symfony/polyfill-php73.git",
                "reference": "8ff431c517be11c78c48a39a66d37431e26a6bed"
            },
            "dist": {
                "type": "zip",
                "url": "https://api.github.com/repos/symfony/polyfill-php73/zipball/8ff431c517be11c78c48a39a66d37431e26a6bed",
                "reference": "8ff431c517be11c78c48a39a66d37431e26a6bed",
                "shasum": ""
            },
            "require": {
                "php": ">=7.1"
            },
            "type": "library",
            "extra": {
                "branch-alias": {
                    "dev-main": "1.20-dev"
                },
                "thanks": {
                    "name": "symfony/polyfill",
                    "url": "https://github.com/symfony/polyfill"
                }
            },
            "autoload": {
                "psr-4": {
                    "Symfony\\Polyfill\\Php73\\": ""
                },
                "files": [
                    "bootstrap.php"
                ],
                "classmap": [
                    "Resources/stubs"
                ]
            },
            "notification-url": "https://packagist.org/downloads/",
            "license": [
                "MIT"
            ],
            "authors": [
                {
                    "name": "Nicolas Grekas",
                    "email": "p@tchwork.com"
                },
                {
                    "name": "Symfony Community",
                    "homepage": "https://symfony.com/contributors"
                }
            ],
            "description": "Symfony polyfill backporting some PHP 7.3+ features to lower PHP versions",
            "homepage": "https://symfony.com",
            "keywords": [
                "compatibility",
                "polyfill",
                "portable",
                "shim"
            ],
            "funding": [
                {
                    "url": "https://symfony.com/sponsor",
                    "type": "custom"
                },
                {
                    "url": "https://github.com/fabpot",
                    "type": "github"
                },
                {
                    "url": "https://tidelift.com/funding/github/packagist/symfony/symfony",
                    "type": "tidelift"
                }
            ],
            "time": "2020-10-23T14:02:19+00:00"
        },
        {
            "name": "symfony/polyfill-php80",
            "version": "v1.20.0",
            "source": {
                "type": "git",
                "url": "https://github.com/symfony/polyfill-php80.git",
                "reference": "e70aa8b064c5b72d3df2abd5ab1e90464ad009de"
            },
            "dist": {
                "type": "zip",
                "url": "https://api.github.com/repos/symfony/polyfill-php80/zipball/e70aa8b064c5b72d3df2abd5ab1e90464ad009de",
                "reference": "e70aa8b064c5b72d3df2abd5ab1e90464ad009de",
                "shasum": ""
            },
            "require": {
                "php": ">=7.1"
            },
            "type": "library",
            "extra": {
                "branch-alias": {
                    "dev-main": "1.20-dev"
                },
                "thanks": {
                    "name": "symfony/polyfill",
                    "url": "https://github.com/symfony/polyfill"
                }
            },
            "autoload": {
                "psr-4": {
                    "Symfony\\Polyfill\\Php80\\": ""
                },
                "files": [
                    "bootstrap.php"
                ],
                "classmap": [
                    "Resources/stubs"
                ]
            },
            "notification-url": "https://packagist.org/downloads/",
            "license": [
                "MIT"
            ],
            "authors": [
                {
                    "name": "Ion Bazan",
                    "email": "ion.bazan@gmail.com"
                },
                {
                    "name": "Nicolas Grekas",
                    "email": "p@tchwork.com"
                },
                {
                    "name": "Symfony Community",
                    "homepage": "https://symfony.com/contributors"
                }
            ],
            "description": "Symfony polyfill backporting some PHP 8.0+ features to lower PHP versions",
            "homepage": "https://symfony.com",
            "keywords": [
                "compatibility",
                "polyfill",
                "portable",
                "shim"
            ],
            "funding": [
                {
                    "url": "https://symfony.com/sponsor",
                    "type": "custom"
                },
                {
                    "url": "https://github.com/fabpot",
                    "type": "github"
                },
                {
                    "url": "https://tidelift.com/funding/github/packagist/symfony/symfony",
                    "type": "tidelift"
                }
            ],
            "time": "2020-10-23T14:02:19+00:00"
        },
        {
            "name": "symfony/service-contracts",
            "version": "v2.2.0",
            "source": {
                "type": "git",
                "url": "https://github.com/symfony/service-contracts.git",
                "reference": "d15da7ba4957ffb8f1747218be9e1a121fd298a1"
            },
            "dist": {
                "type": "zip",
                "url": "https://api.github.com/repos/symfony/service-contracts/zipball/d15da7ba4957ffb8f1747218be9e1a121fd298a1",
                "reference": "d15da7ba4957ffb8f1747218be9e1a121fd298a1",
                "shasum": ""
            },
            "require": {
                "php": ">=7.2.5",
                "psr/container": "^1.0"
            },
            "suggest": {
                "symfony/service-implementation": ""
            },
            "type": "library",
            "extra": {
                "branch-alias": {
                    "dev-master": "2.2-dev"
                },
                "thanks": {
                    "name": "symfony/contracts",
                    "url": "https://github.com/symfony/contracts"
                }
            },
            "autoload": {
                "psr-4": {
                    "Symfony\\Contracts\\Service\\": ""
                }
            },
            "notification-url": "https://packagist.org/downloads/",
            "license": [
                "MIT"
            ],
            "authors": [
                {
                    "name": "Nicolas Grekas",
                    "email": "p@tchwork.com"
                },
                {
                    "name": "Symfony Community",
                    "homepage": "https://symfony.com/contributors"
                }
            ],
            "description": "Generic abstractions related to writing services",
            "homepage": "https://symfony.com",
            "keywords": [
                "abstractions",
                "contracts",
                "decoupling",
                "interfaces",
                "interoperability",
                "standards"
            ],
            "funding": [
                {
                    "url": "https://symfony.com/sponsor",
                    "type": "custom"
                },
                {
                    "url": "https://github.com/fabpot",
                    "type": "github"
                },
                {
                    "url": "https://tidelift.com/funding/github/packagist/symfony/symfony",
                    "type": "tidelift"
                }
            ],
            "time": "2020-09-07T11:33:47+00:00"
        },
        {
            "name": "wp-cli/config-command",
            "version": "v2.0.7",
            "source": {
                "type": "git",
                "url": "https://github.com/wp-cli/config-command.git",
                "reference": "6468e97ab2ace5b0a448d9e19091d42f6461b466"
            },
            "dist": {
                "type": "zip",
                "url": "https://api.github.com/repos/wp-cli/config-command/zipball/6468e97ab2ace5b0a448d9e19091d42f6461b466",
                "reference": "6468e97ab2ace5b0a448d9e19091d42f6461b466",
                "shasum": ""
            },
            "require": {
                "wp-cli/wp-cli": "^2",
                "wp-cli/wp-config-transformer": "^1.2.1"
            },
            "require-dev": {
                "wp-cli/db-command": "^1.3 || ^2",
                "wp-cli/wp-cli-tests": "^2.1"
            },
            "type": "wp-cli-package",
            "extra": {
                "branch-alias": {
                    "dev-master": "2.x-dev"
                },
                "bundled": true,
                "commands": [
                    "config",
                    "config edit",
                    "config delete",
                    "config create",
                    "config get",
                    "config has",
                    "config list",
                    "config path",
                    "config set",
                    "config shuffle-salts"
                ]
            },
            "autoload": {
                "psr-4": {
                    "": "src/"
                },
                "files": [
                    "config-command.php"
                ]
            },
            "notification-url": "https://packagist.org/downloads/",
            "license": [
                "MIT"
            ],
            "authors": [
                {
                    "name": "Daniel Bachhuber",
                    "email": "daniel@runcommand.io",
                    "homepage": "https://runcommand.io"
                },
                {
                    "name": "Alain Schlesser",
                    "email": "alain.schlesser@gmail.com",
                    "homepage": "https://www.alainschlesser.com"
                }
            ],
            "description": "Generates and reads the wp-config.php file.",
            "homepage": "https://github.com/wp-cli/config-command",
            "time": "2020-10-31T11:20:34+00:00"
        },
        {
            "name": "wp-cli/core-command",
            "version": "v2.0.12",
            "source": {
                "type": "git",
                "url": "https://github.com/wp-cli/core-command.git",
                "reference": "a7001bd43b58fe67decd02c739615102cc0beb51"
            },
            "dist": {
                "type": "zip",
                "url": "https://api.github.com/repos/wp-cli/core-command/zipball/a7001bd43b58fe67decd02c739615102cc0beb51",
                "reference": "a7001bd43b58fe67decd02c739615102cc0beb51",
                "shasum": ""
            },
            "require": {
                "composer/semver": "^1.4 || ^2 || ^3",
                "wp-cli/wp-cli": "^2.4"
            },
            "require-dev": {
                "wp-cli/checksum-command": "^1 || ^2",
                "wp-cli/db-command": "^1.3 || ^2",
                "wp-cli/entity-command": "^1.3 || ^2",
                "wp-cli/extension-command": "^1.2 || ^2",
                "wp-cli/wp-cli-tests": "^2.1"
            },
            "type": "wp-cli-package",
            "extra": {
                "branch-alias": {
                    "dev-master": "2.x-dev"
                },
                "bundled": true,
                "commands": [
                    "core",
                    "core check-update",
                    "core download",
                    "core install",
                    "core is-installed",
                    "core multisite-convert",
                    "core multisite-install",
                    "core update",
                    "core update-db",
                    "core version"
                ]
            },
            "autoload": {
                "psr-4": {
                    "": "src/"
                },
                "files": [
                    "core-command.php"
                ]
            },
            "notification-url": "https://packagist.org/downloads/",
            "license": [
                "MIT"
            ],
            "authors": [
                {
                    "name": "Daniel Bachhuber",
                    "email": "daniel@runcommand.io",
                    "homepage": "https://runcommand.io"
                }
            ],
            "description": "Downloads, installs, updates, and manages a WordPress installation.",
            "homepage": "https://github.com/wp-cli/core-command",
            "time": "2020-12-07T19:31:14+00:00"
        },
        {
            "name": "wp-cli/entity-command",
            "version": "v2.0.7",
            "source": {
                "type": "git",
                "url": "https://github.com/wp-cli/entity-command.git",
                "reference": "0df89e4fba48177acf768bff9c00cda95a3fe5b9"
            },
            "dist": {
                "type": "zip",
                "url": "https://api.github.com/repos/wp-cli/entity-command/zipball/0df89e4fba48177acf768bff9c00cda95a3fe5b9",
                "reference": "0df89e4fba48177acf768bff9c00cda95a3fe5b9",
                "shasum": ""
            },
            "require": {
                "wp-cli/wp-cli": "^2"
            },
            "require-dev": {
                "wp-cli/cache-command": "^1 || ^2",
                "wp-cli/db-command": "^1.3 || ^2",
                "wp-cli/extension-command": "^1.2 || ^2",
                "wp-cli/media-command": "^1.1 || ^2",
                "wp-cli/wp-cli-tests": "^2.1"
            },
            "type": "wp-cli-package",
            "extra": {
                "branch-alias": {
                    "dev-master": "2.x-dev"
                },
                "bundled": true,
                "commands": [
                    "comment",
                    "comment approve",
                    "comment count",
                    "comment create",
                    "comment delete",
                    "comment exists",
                    "comment generate",
                    "comment get",
                    "comment list",
                    "comment meta",
                    "comment meta add",
                    "comment meta delete",
                    "comment meta get",
                    "comment meta list",
                    "comment meta patch",
                    "comment meta pluck",
                    "comment meta update",
                    "comment recount",
                    "comment spam",
                    "comment status",
                    "comment trash",
                    "comment unapprove",
                    "comment unspam",
                    "comment untrash",
                    "comment update",
                    "menu",
                    "menu create",
                    "menu delete",
                    "menu item",
                    "menu item add-custom",
                    "menu item add-post",
                    "menu item add-term",
                    "menu item delete",
                    "menu item list",
                    "menu item update",
                    "menu list",
                    "menu location",
                    "menu location assign",
                    "menu location list",
                    "menu location remove",
                    "network meta",
                    "network meta add",
                    "network meta delete",
                    "network meta get",
                    "network meta list",
                    "network meta patch",
                    "network meta pluck",
                    "network meta update",
                    "option",
                    "option add",
                    "option delete",
                    "option get",
                    "option list",
                    "option patch",
                    "option pluck",
                    "option update",
                    "post",
                    "post create",
                    "post delete",
                    "post edit",
                    "post exists",
                    "post generate",
                    "post get",
                    "post list",
                    "post meta",
                    "post meta add",
                    "post meta delete",
                    "post meta get",
                    "post meta list",
                    "post meta patch",
                    "post meta pluck",
                    "post meta update",
                    "post term",
                    "post term add",
                    "post term list",
                    "post term remove",
                    "post term set",
                    "post update",
                    "post-type",
                    "post-type get",
                    "post-type list",
                    "site",
                    "site activate",
                    "site archive",
                    "site create",
                    "site deactivate",
                    "site delete",
                    "site empty",
                    "site list",
                    "site mature",
                    "site option",
                    "site private",
                    "site public",
                    "site spam",
                    "site unarchive",
                    "site unmature",
                    "site unspam",
                    "taxonomy",
                    "taxonomy get",
                    "taxonomy list",
                    "term",
                    "term create",
                    "term delete",
                    "term generate",
                    "term get",
                    "term list",
                    "term meta",
                    "term meta add",
                    "term meta delete",
                    "term meta get",
                    "term meta list",
                    "term meta patch",
                    "term meta pluck",
                    "term meta update",
                    "term recount",
                    "term update",
                    "user",
                    "user add-cap",
                    "user add-role",
                    "user create",
                    "user delete",
                    "user generate",
                    "user get",
                    "user import-csv",
                    "user list",
                    "user list-caps",
                    "user meta",
                    "user meta add",
                    "user meta delete",
                    "user meta get",
                    "user meta list",
                    "user meta patch",
                    "user meta pluck",
                    "user meta update",
                    "user remove-cap",
                    "user remove-role",
                    "user reset-password",
                    "user session",
                    "user session destroy",
                    "user session list",
                    "user set-role",
                    "user spam",
                    "user term",
                    "user term add",
                    "user term list",
                    "user term remove",
                    "user term set",
                    "user unspam",
                    "user update"
                ]
            },
            "autoload": {
                "psr-4": {
                    "": "src/",
                    "WP_CLI\\": "src/WP_CLI"
                },
                "files": [
                    "entity-command.php"
                ]
            },
            "notification-url": "https://packagist.org/downloads/",
            "license": [
                "MIT"
            ],
            "authors": [
                {
                    "name": "Daniel Bachhuber",
                    "email": "daniel@runcommand.io",
                    "homepage": "https://runcommand.io"
                }
            ],
            "description": "Manage WordPress comments, menus, options, posts, sites, terms, and users.",
            "homepage": "https://github.com/wp-cli/entity-command",
            "time": "2019-11-12T11:32:14+00:00"
        },
        {
            "name": "wp-cli/extension-command",
            "version": "v2.0.10",
            "source": {
                "type": "git",
                "url": "https://github.com/wp-cli/extension-command.git",
                "reference": "2bc83433707fa4d2127f2ff48357ccbbee39052f"
            },
            "dist": {
                "type": "zip",
                "url": "https://api.github.com/repos/wp-cli/extension-command/zipball/2bc83433707fa4d2127f2ff48357ccbbee39052f",
                "reference": "2bc83433707fa4d2127f2ff48357ccbbee39052f",
                "shasum": ""
            },
            "require": {
                "composer/semver": "^1.4 || ^2.0",
                "wp-cli/wp-cli": "^2"
            },
            "require-dev": {
                "wp-cli/entity-command": "^1.3 || ^2",
                "wp-cli/scaffold-command": "^1.2 || ^2",
                "wp-cli/wp-cli-tests": "^2.1.6"
            },
            "type": "wp-cli-package",
            "extra": {
                "branch-alias": {
                    "dev-master": "2.x-dev"
                },
                "bundled": true,
                "commands": [
                    "plugin",
                    "plugin activate",
                    "plugin deactivate",
                    "plugin delete",
                    "plugin get",
                    "plugin install",
                    "plugin is-installed",
                    "plugin list",
                    "plugin path",
                    "plugin search",
                    "plugin status",
                    "plugin toggle",
                    "plugin uninstall",
                    "plugin update",
                    "theme",
                    "theme activate",
                    "theme delete",
                    "theme disable",
                    "theme enable",
                    "theme get",
                    "theme install",
                    "theme is-installed",
                    "theme list",
                    "theme mod",
                    "theme mod get",
                    "theme mod set",
                    "theme mod remove",
                    "theme path",
                    "theme search",
                    "theme status",
                    "theme update",
                    "theme mod list"
                ]
            },
            "autoload": {
                "psr-4": {
                    "": "src/"
                },
                "files": [
                    "extension-command.php"
                ]
            },
            "notification-url": "https://packagist.org/downloads/",
            "license": [
                "MIT"
            ],
            "authors": [
                {
                    "name": "Daniel Bachhuber",
                    "email": "daniel@runcommand.io",
                    "homepage": "https://runcommand.io"
                },
                {
                    "name": "Alain Schlesser",
                    "email": "alain.schlesser@gmail.com",
                    "homepage": "https://www.alainschlesser.com"
                }
            ],
            "description": "Manages plugins and themes, including installs, activations, and updates.",
            "homepage": "https://github.com/wp-cli/extension-command",
            "time": "2020-07-05T08:07:53+00:00"
        },
        {
            "name": "wp-cli/mustangostang-spyc",
            "version": "0.6.3",
            "source": {
                "type": "git",
                "url": "https://github.com/wp-cli/spyc.git",
                "reference": "6aa0b4da69ce9e9a2c8402dab8d43cf32c581cc7"
            },
            "dist": {
                "type": "zip",
                "url": "https://api.github.com/repos/wp-cli/spyc/zipball/6aa0b4da69ce9e9a2c8402dab8d43cf32c581cc7",
                "reference": "6aa0b4da69ce9e9a2c8402dab8d43cf32c581cc7",
                "shasum": ""
            },
            "require": {
                "php": ">=5.3.1"
            },
            "require-dev": {
                "phpunit/phpunit": "4.3.*@dev"
            },
            "type": "library",
            "extra": {
                "branch-alias": {
                    "dev-master": "0.5.x-dev"
                }
            },
            "autoload": {
                "psr-4": {
                    "Mustangostang\\": "src/"
                },
                "files": [
                    "includes/functions.php"
                ]
            },
            "notification-url": "https://packagist.org/downloads/",
            "license": [
                "MIT"
            ],
            "authors": [
                {
                    "name": "mustangostang",
                    "email": "vlad.andersen@gmail.com"
                }
            ],
            "description": "A simple YAML loader/dumper class for PHP (WP-CLI fork)",
            "homepage": "https://github.com/mustangostang/spyc/",
            "time": "2017-04-25T11:26:20+00:00"
        },
        {
            "name": "wp-cli/php-cli-tools",
            "version": "v0.11.11",
            "source": {
                "type": "git",
                "url": "https://github.com/wp-cli/php-cli-tools.git",
                "reference": "fe9c7c44a9e1bf2196ec51dc38da0593dbf2993f"
            },
            "dist": {
                "type": "zip",
                "url": "https://api.github.com/repos/wp-cli/php-cli-tools/zipball/fe9c7c44a9e1bf2196ec51dc38da0593dbf2993f",
                "reference": "fe9c7c44a9e1bf2196ec51dc38da0593dbf2993f",
                "shasum": ""
            },
            "require": {
                "php": ">= 5.3.0"
            },
            "type": "library",
            "autoload": {
                "psr-0": {
                    "cli": "lib/"
                },
                "files": [
                    "lib/cli/cli.php"
                ]
            },
            "notification-url": "https://packagist.org/downloads/",
            "license": [
                "MIT"
            ],
            "authors": [
                {
                    "name": "James Logsdon",
                    "email": "jlogsdon@php.net",
                    "role": "Developer"
                },
                {
                    "name": "Daniel Bachhuber",
                    "email": "daniel@handbuilt.co",
                    "role": "Maintainer"
                }
            ],
            "description": "Console utilities for PHP",
            "homepage": "http://github.com/wp-cli/php-cli-tools",
            "keywords": [
                "cli",
                "console"
            ],
            "time": "2018-09-04T13:28:00+00:00"
        },
        {
            "name": "wp-cli/wp-cli",
            "version": "v2.4.1",
            "source": {
                "type": "git",
                "url": "https://github.com/wp-cli/wp-cli.git",
                "reference": "ceb18598e79befa9b2a37a51efbb34910628988b"
            },
            "dist": {
                "type": "zip",
                "url": "https://api.github.com/repos/wp-cli/wp-cli/zipball/ceb18598e79befa9b2a37a51efbb34910628988b",
                "reference": "ceb18598e79befa9b2a37a51efbb34910628988b",
                "shasum": ""
            },
            "require": {
                "ext-curl": "*",
                "mustache/mustache": "~2.13",
                "php": "^5.4 || ^7.0",
                "rmccue/requests": "~1.6",
                "symfony/finder": ">2.7",
                "wp-cli/mustangostang-spyc": "^0.6.3",
                "wp-cli/php-cli-tools": "~0.11.2"
            },
            "require-dev": {
                "roave/security-advisories": "dev-master",
                "wp-cli/db-command": "^1.3 || ^2",
                "wp-cli/entity-command": "^1.2 || ^2",
                "wp-cli/extension-command": "^1.1 || ^2",
                "wp-cli/package-command": "^1 || ^2",
                "wp-cli/wp-cli-tests": "^2.1"
            },
            "suggest": {
                "ext-readline": "Include for a better --prompt implementation",
                "ext-zip": "Needed to support extraction of ZIP archives when doing downloads or updates"
            },
            "bin": [
                "bin/wp",
                "bin/wp.bat"
            ],
            "type": "library",
            "extra": {
                "branch-alias": {
                    "dev-master": "2.4.x-dev"
                }
            },
            "autoload": {
                "psr-0": {
                    "WP_CLI": "php"
                }
            },
            "notification-url": "https://packagist.org/downloads/",
            "license": [
                "MIT"
            ],
            "description": "WP-CLI framework",
            "homepage": "https://wp-cli.org",
            "keywords": [
                "cli",
                "wordpress"
            ],
            "time": "2020-02-18T08:15:37+00:00"
        },
        {
            "name": "wp-cli/wp-config-transformer",
            "version": "v1.2.8",
            "source": {
                "type": "git",
                "url": "https://github.com/wp-cli/wp-config-transformer.git",
                "reference": "0bb2b9162c38ca72370380aea11dc06e431e13a5"
            },
            "dist": {
                "type": "zip",
                "url": "https://api.github.com/repos/wp-cli/wp-config-transformer/zipball/0bb2b9162c38ca72370380aea11dc06e431e13a5",
                "reference": "0bb2b9162c38ca72370380aea11dc06e431e13a5",
                "shasum": ""
            },
            "require": {
                "php": ">=5.3.29"
            },
            "require-dev": {
                "composer/composer": ">=1.5.6 <1.7.0 || ^1.7.1 || ^2.0.0",
                "phpunit/phpunit": "^6.5.5 || ^7.0.0",
                "wp-coding-standards/wpcs": "^0.14.0 || ^1.0.0 || ^2.0.0"
            },
            "type": "library",
            "autoload": {
                "files": [
                    "src/WPConfigTransformer.php"
                ]
            },
            "notification-url": "https://packagist.org/downloads/",
            "license": [
                "MIT"
            ],
            "authors": [
                {
                    "name": "Frankie Jarrett",
                    "email": "fjarrett@gmail.com"
                }
            ],
            "description": "Programmatically edit a wp-config.php file.",
            "time": "2020-11-12T08:08:10+00:00"
        }
    ],
    "packages-dev": [],
    "aliases": [],
    "minimum-stability": "stable",
    "stability-flags": [],
    "prefer-stable": false,
    "prefer-lowest": false,
    "platform": [],
    "platform-dev": [],
    "plugin-api-version": "1.1.0"
}
